
Microsoft Visual Studio Solution File, Format Version 12.00
# Visual Studio 2012
Project("{8BC9CEB8-8B4A-11D0-8D11-00A0C91BC942}") = "IAP", "IAP\IAP.vcxproj", "{7AF009F5-9CE1-496B-BCBE-B8D25986A839}"
EndProject
Global
	GlobalSection(SolutionConfigurationPlatforms) = preSolution
		Debug|Win32 = Debug|Win32
		Release|Win32 = Release|Win32
	EndGlobalSection
	GlobalSection(ProjectConfigurationPlatforms) = postSolution
		{7AF009F5-9CE1-496B-BCBE-B8D25986A839}.Debug|Win32.ActiveCfg = Debug|Win32
		{7AF009F5-9CE1-496B-BCBE-B8D25986A839}.Debug|Win32.Build.0 = Debug|Win32
		{7AF009F5-9CE1-496B-BCBE-B8D25986A839}.Release|Win32.ActiveCfg = Release|Win32
		{7AF009F5-9CE1-496B-BCBE-B8D25986A839}.Release|Win32.Build.0 = Release|Win32
	EndGlobalSection
	GlobalSection(SolutionProperties) = preSolution
		HideSolutionNode = FALSE
	EndGlobalSection
EndGlobal
